
Microsoft Visual Studio Solution File, Format Version 12.00
# Visual Studio Version 16
VisualStudioVersion = 16.0.29424.173
MinimumVisualStudioVersion = 10.0.40219.1
Project("{FAE04EC0-301F-11D3-BF4B-00C04F79EFBC}") = "MasterMind.Library", "MasterMind\MasterMind.Library.csproj", "{22ED07F2-53C9-4E37-AF09-DABE22C68AC9}"
EndProject
Project("{FAE04EC0-301F-11D3-BF4B-00C04F79EFBC}") = "MasterMind.ConsoleApp", "MasterMind.Console\MasterMind.ConsoleApp.csproj", "{BE69A337-B6BF-4842-8038-3F86C8116000}"
EndProject
Global
	GlobalSection(SolutionConfigurationPlatforms) = preSolution
		Debug|Any CPU = Debug|Any CPU
		Release|Any CPU = Release|Any CPU
	EndGlobalSection
	GlobalSection(ProjectConfigurationPlatforms) = postSolution
		{22ED07F2-53C9-4E37-AF09-DABE22C68AC9}.Debug|Any CPU.ActiveCfg = Debug|Any CPU
		{22ED07F2-53C9-4E37-AF09-DABE22C68AC9}.Debug|Any CPU.Build.0 = Debug|Any CPU
		{22ED07F2-53C9-4E37-AF09-DABE22C68AC9}.Release|Any CPU.ActiveCfg = Release|Any CPU
		{22ED07F2-53C9-4E37-AF09-DABE22C68AC9}.Release|Any CPU.Build.0 = Release|Any CPU
		{BE69A337-B6BF-4842-8038-3F86C8116000}.Debug|Any CPU.ActiveCfg = Debug|Any CPU
		{BE69A337-B6BF-4842-8038-3F86C8116000}.Debug|Any CPU.Build.0 = Debug|Any CPU
		{BE69A337-B6BF-4842-8038-3F86C8116000}.Release|Any CPU.ActiveCfg = Release|Any CPU
		{BE69A337-B6BF-4842-8038-3F86C8116000}.Release|Any CPU.Build.0 = Release|Any CPU
	EndGlobalSection
	GlobalSection(SolutionProperties) = preSolution
		HideSolutionNode = FALSE
	EndGlobalSection
	GlobalSection(ExtensibilityGlobals) = postSolution
		SolutionGuid = {E63A9A0B-AE91-4A14-B08C-6EC29B03EB88}
	EndGlobalSection
EndGlobal
